
Microsoft Visual Studio Solution File, Format Version 12.00
# Visual Studio Version 17
VisualStudioVersion = 17.11.35222.181
MinimumVisualStudioVersion = 10.0.40219.1
Project("{FAE04EC0-301F-11D3-BF4B-00C04F79EFBC}") = "multipleform", "multipleform.csproj", "{BB8D40A7-E6AB-42A8-899D-E6E8610AF5C4}"
EndProject
Global
	GlobalSection(SolutionConfigurationPlatforms) = preSolution
		Debug|Any CPU = Debug|Any CPU
		Release|Any CPU = Release|Any CPU
	EndGlobalSection
	GlobalSection(ProjectConfigurationPlatforms) = postSolution
		{BB8D40A7-E6AB-42A8-899D-E6E8610AF5C4}.Debug|Any CPU.ActiveCfg = Debug|Any CPU
		{BB8D40A7-E6AB-42A8-899D-E6E8610AF5C4}.Debug|Any CPU.Build.0 = Debug|Any CPU
		{BB8D40A7-E6AB-42A8-899D-E6E8610AF5C4}.Release|Any CPU.ActiveCfg = Release|Any CPU
		{BB8D40A7-E6AB-42A8-899D-E6E8610AF5C4}.Release|Any CPU.Build.0 = Release|Any CPU
	EndGlobalSection
	GlobalSection(SolutionProperties) = preSolution
		HideSolutionNode = FALSE
	EndGlobalSection
	GlobalSection(ExtensibilityGlobals) = postSolution
		SolutionGuid = {E4A708B1-6AD2-425C-91D0-A38E86FD4717}
	EndGlobalSection
EndGlobal
